
Microsoft Visual Studio Solution File, Format Version 12.00
# Visual Studio Version 17
VisualStudioVersion = 17.2.32505.173
MinimumVisualStudioVersion = 10.0.40219.1
Project("{FAE04EC0-301F-11D3-BF4B-00C04F79EFBC}") = "VideoGames.WebApi", "VideoGames.WebApi\VideoGames.WebApi.csproj", "{19BF102B-490F-4632-9F4D-BD204259A718}"
EndProject
Global
	GlobalSection(SolutionConfigurationPlatforms) = preSolution
		Debug|Any CPU = Debug|Any CPU
		Release|Any CPU = Release|Any CPU
	EndGlobalSection
	GlobalSection(ProjectConfigurationPlatforms) = postSolution
		{19BF102B-490F-4632-9F4D-BD204259A718}.Debug|Any CPU.ActiveCfg = Debug|Any CPU
		{19BF102B-490F-4632-9F4D-BD204259A718}.Debug|Any CPU.Build.0 = Debug|Any CPU
		{19BF102B-490F-4632-9F4D-BD204259A718}.Release|Any CPU.ActiveCfg = Release|Any CPU
		{19BF102B-490F-4632-9F4D-BD204259A718}.Release|Any CPU.Build.0 = Release|Any CPU
	EndGlobalSection
	GlobalSection(SolutionProperties) = preSolution
		HideSolutionNode = FALSE
	EndGlobalSection
	GlobalSection(ExtensibilityGlobals) = postSolution
		SolutionGuid = {73ED68FB-A180-47BE-A9A4-A04ACBC2F825}
	EndGlobalSection
EndGlobal
